// !$*UTF8*$!
{
	archiveVersion = 1;
	classes = {
	};
	objectVersion = 56;
	objects = {

/* Begin PBXBuildFile section */
		EDEA9FF129937EB8006DDB98 /* AppDelegate.swift in Sources */ = {isa = PBXBuildFile; fileRef = EDEA9FF029937EB8006DDB98 /* AppDelegate.swift */; };
		EDEA9FF329937EB8006DDB98 /* SceneDelegate.swift in Sources */ = {isa = PBXBuildFile; fileRef = EDEA9FF229937EB8006DDB98 /* SceneDelegate.swift */; };
		EDEA9FF529937EB8006DDB98 /* ViewController.swift in Sources */ = {isa = PBXBuildFile; fileRef = EDEA9FF429937EB8006DDB98 /* ViewController.swift */; };
		EDEA9FF829937EB8006DDB98 /* Main.storyboard in Resources */ = {isa = PBXBuildFile; fileRef = EDEA9FF629937EB8006DDB98 /* Main.storyboard */; };
		EDEA9FFA29937EBA006DDB98 /* Assets.xcassets in Resources */ = {isa = PBXBuildFile; fileRef = EDEA9FF929937EBA006DDB98 /* Assets.xcassets */; };
		EDEA9FFD29937EBA006DDB98 /* LaunchScreen.storyboard in Resources */ = {isa = PBXBuildFile; fileRef = EDEA9FFB29937EBA006DDB98 /* LaunchScreen.storyboard */; };
		EDEAA00629940058006DDB98 /* CatalogCell.swift in Sources */ = {isa = PBXBuildFile; fileRef = EDEAA00429940058006DDB98 /* CatalogCell.swift */; };
		EDEAA00729940058006DDB98 /* CatalogCell.xib in Resources */ = {isa = PBXBuildFile; fileRef = EDEAA00529940058006DDB98 /* CatalogCell.xib */; };
		EDEAA00C29940425006DDB98 /* SnapKit in Frameworks */ = {isa = PBXBuildFile; productRef = EDEAA00B29940425006DDB98 /* SnapKit */; };
/* End PBXBuildFile section */

/* Begin PBXFileReference section */
		EDEA9FED29937EB8006DDB98 /* HomeworkFileManager.app */ = {isa = PBXFileReference; explicitFileType = wrapper.application; includeInIndex = 0; path = HomeworkFileManager.app; sourceTree = BUILT_PRODUCTS_DIR; };
		EDEA9FF029937EB8006DDB98 /* AppDelegate.swift */ = {isa = PBXFileReference; lastKnownFileType = sourcecode.swift; path = AppDelegate.swift; sourceTree = "<group>"; };
		EDEA9FF229937EB8006DDB98 /* SceneDelegate.swift */ = {isa = PBXFileReference; lastKnownFileType = sourcecode.swift; path = SceneDelegate.swift; sourceTree = "<group>"; };
		EDEA9FF429937EB8006DDB98 /* ViewController.swift */ = {isa = PBXFileReference; lastKnownFileType = sourcecode.swift; path = ViewController.swift; sourceTree = "<group>"; };
		EDEA9FF729937EB8006DDB98 /* Base */ = {isa = PBXFileReference; lastKnownFileType = file.storyboard; name = Base; path = Base.lproj/Main.storyboard; sourceTree = "<group>"; };
		EDEA9FF929937EBA006DDB98 /* Assets.xcassets */ = {isa = PBXFileReference; lastKnownFileType = folder.assetcatalog; path = Assets.xcassets; sourceTree = "<group>"; };
		EDEA9FFC29937EBA006DDB98 /* Base */ = {isa = PBXFileReference; lastKnownFileType = file.storyboard; name = Base; path = Base.lproj/LaunchScreen.storyboard; sourceTree = "<group>"; };
		EDEA9FFE29937EBA006DDB98 /* Info.plist */ = {isa = PBXFileReference; lastKnownFileType = text.plist.xml; path = Info.plist; sourceTree = "<group>"; };
		EDEAA00429940058006DDB98 /* CatalogCell.swift */ = {isa = PBXFileReference; lastKnownFileType = sourcecode.swift; path = CatalogCell.swift; sourceTree = "<group>"; };
		EDEAA00529940058006DDB98 /* CatalogCell.xib */ = {isa = PBXFileReference; lastKnownFileType = file.xib; path = CatalogCell.xib; sourceTree = "<group>"; };
/* End PBXFileReference section */

/* Begin PBXFrameworksBuildPhase section */
		EDEA9FEA29937EB8006DDB98 /* Frameworks */ = {
			isa = PBXFrameworksBuildPhase;
			buildActionMask = 2147483647;
			files = (
				EDEAA00C29940425006DDB98 /* SnapKit in Frameworks */,
			);
			runOnlyForDeploymentPostprocessing = 0;
		};
/* End PBXFrameworksBuildPhase section */

/* Begin PBXGroup section */
		EDEA9FE429937EB8006DDB98 = {
			isa = PBXGroup;
			children = (
				EDEA9FEF29937EB8006DDB98 /* HomeworkFileManager */,
				EDEA9FEE29937EB8006DDB98 /* Products */,
			);
			sourceTree = "<group>";
		};
		EDEA9FEE29937EB8006DDB98 /* Products */ = {
			isa = PBXGroup;
			children = (
				EDEA9FED29937EB8006DDB98 /* HomeworkFileManager.app */,
			);
			name = Products;
			sourceTree = "<group>";
		};
		EDEA9FEF29937EB8006DDB98 /* HomeworkFileManager */ = {
			isa = PBXGroup;
			children = (
				EDEA9FF029937EB8006DDB98 /* AppDelegate.swift */,
				EDEA9FF229937EB8006DDB98 /* SceneDelegate.swift */,
				EDEAA00829940063006DDB98 /* ViewControllers */,
				EDEAA0092994008A006DDB98 /* TableViewCells */,
				EDEA9FF629937EB8006DDB98 /* Main.storyboard */,
				EDEA9FF929937EBA006DDB98 /* Assets.xcassets */,
				EDEA9FFB29937EBA006DDB98 /* LaunchScreen.storyboard */,
				EDEA9FFE29937EBA006DDB98 /* Info.plist */,
			);
			path = HomeworkFileManager;
			sourceTree = "<group>";
		};
		EDEAA00829940063006DDB98 /* ViewControllers */ = {
			isa = PBXGroup;
			children = (
				EDEA9FF429937EB8006DDB98 /* ViewController.swift */,
			);
			path = ViewControllers;
			sourceTree = "<group>";
		};
		EDEAA0092994008A006DDB98 /* TableViewCells */ = {
			isa = PBXGroup;
			children = (
				EDEAA00429940058006DDB98 /* CatalogCell.swift */,
				EDEAA00529940058006DDB98 /* CatalogCell.xib */,
			);
			path = TableViewCells;
			sourceTree = "<group>";
		};
/* End PBXGroup section */

/* Begin PBXNativeTarget section */
		EDEA9FEC29937EB8006DDB98 /* HomeworkFileManager */ = {
			isa = PBXNativeTarget;
			buildConfigurationList = EDEAA00129937EBA006DDB98 /* Build configuration list for PBXNativeTarget "HomeworkFileManager" */;
			buildPhases = (
				EDEA9FE929937EB8006DDB98 /* Sources */,
				EDEA9FEA29937EB8006DDB98 /* Frameworks */,
				EDEA9FEB29937EB8006DDB98 /* Resources */,
			);
			buildRules = (
			);
			dependencies = (
			);
			name = HomeworkFileManager;
			packageProductDependencies = (
				EDEAA00B29940425006DDB98 /* SnapKit */,
			);
			productName = HomeworkFileManager;
			productReference = EDEA9FED29937EB8006DDB98 /* HomeworkFileManager.app */;
			productType = "com.apple.product-type.application";
		};
/* End PBXNativeTarget section */

/* Begin PBXProject section */
		EDEA9FE529937EB8006DDB98 /* Project object */ = {
			isa = PBXProject;
			attributes = {
				BuildIndependentTargetsInParallel = 1;
				LastSwiftUpdateCheck = 1420;
				LastUpgradeCheck = 1420;
				TargetAttributes = {
					EDEA9FEC29937EB8006DDB98 = {
						CreatedOnToolsVersion = 14.2;
					};
				};
			};
			buildConfigurationList = EDEA9FE829937EB8006DDB98 /* Build configuration list for PBXProject "HomeworkFileManager" */;
			compatibilityVersion = "Xcode 14.0";
			developmentRegion = en;
			hasScannedForEncodings = 0;
			knownRegions = (
				en,
				Base,
			);
			mainGroup = EDEA9FE429937EB8006DDB98;
			packageReferences = (
				EDEAA00A29940424006DDB98 /* XCRemoteSwiftPackageReference "SnapKit" */,
			);
			productRefGroup = EDEA9FEE29937EB8006DDB98 /* Products */;
			projectDirPath = "";
			projectRoot = "";
			targets = (
				EDEA9FEC29937EB8006DDB98 /* HomeworkFileManager */,
			);
		};
/* End PBXProject section */

/* Begin PBXResourcesBuildPhase section */
		EDEA9FEB29937EB8006DDB98 /* Resources */ = {
			isa = PBXResourcesBuildPhase;
			buildActionMask = 2147483647;
			files = (
				EDEA9FFD29937EBA006DDB98 /* LaunchScreen.storyboard in Resources */,
				EDEA9FFA29937EBA006DDB98 /* Assets.xcassets in Resources */,
				EDEA9FF829937EB8006DDB98 /* Main.storyboard in Resources */,
				EDEAA00729940058006DDB98 /* CatalogCell.xib in Resources */,
			);
			runOnlyForDeploymentPostprocessing = 0;
		};
/* End PBXResourcesBuildPhase section */

/* Begin PBXSourcesBuildPhase section */
		EDEA9FE929937EB8006DDB98 /* Sources */ = {
			isa = PBXSourcesBuildPhase;
			buildActionMask = 2147483647;
			files = (
				EDEA9FF529937EB8006DDB98 /* ViewController.swift in Sources */,
				EDEA9FF129937EB8006DDB98 /* AppDelegate.swift in Sources */,
				EDEA9FF329937EB8006DDB98 /* SceneDelegate.swift in Sources */,
				EDEAA00629940058006DDB98 /* CatalogCell.swift in Sources */,
			);
			runOnlyForDeploymentPostprocessing = 0;
		};
/* End PBXSourcesBuildPhase section */

/* Begin PBXVariantGroup section */
		EDEA9FF629937EB8006DDB98 /* Main.storyboard */ = {
			isa = PBXVariantGroup;
			children = (
				EDEA9FF729937EB8006DDB98 /* Base */,
			);
			name = Main.storyboard;
			sourceTree = "<group>";
		};
		EDEA9FFB29937EBA006DDB98 /* LaunchScreen.storyboard */ = {
			isa = PBXVariantGroup;
			children = (
				EDEA9FFC29937EBA006DDB98 /* Base */,
			);
			name = LaunchScreen.storyboard;
			sourceTree = "<group>";
		};
/* End PBXVariantGroup section */

/* Begin XCBuildConfiguration section */
		EDEA9FFF29937EBA006DDB98 /* Debug */ = {
			isa = XCBuildConfiguration;
			buildSettings = {
				ALWAYS_SEARCH_USER_PATHS = NO;
				CLANG_ANALYZER_NONNULL = YES;
				CLANG_ANALYZER_NUMBER_OBJECT_CONVERSION = YES_AGGRESSIVE;
				CLANG_CXX_LANGUAGE_STANDARD = "gnu++20";
				CLANG_ENABLE_MODULES = YES;
				CLANG_ENABLE_OBJC_ARC = YES;
				CLANG_ENABLE_OBJC_WEAK = YES;
				CLANG_WARN_BLOCK_CAPTURE_AUTORELEASING = YES;
				CLANG_WARN_BOOL_CONVERSION = YES;
				CLANG_WARN_COMMA = YES;
				CLANG_WARN_CONSTANT_CONVERSION = YES;
				CLANG_WARN_DEPRECATED_OBJC_IMPLEMENTATIONS = YES;
				CLANG_WARN_DIRECT_OBJC_ISA_USAGE = YES_ERROR;
				CLANG_WARN_DOCUMENTATION_COMMENTS = YES;
				CLANG_WARN_EMPTY_BODY = YES;
				CLANG_WARN_ENUM_CONVERSION = YES;
				CLANG_WARN_INFINITE_RECURSION = YES;
				CLANG_WARN_INT_CONVERSION = YES;
				CLANG_WARN_NON_LITERAL_NULL_CONVERSION = YES;
				CLANG_WARN_OBJC_IMPLICIT_RETAIN_SELF = YES;
				CLANG_WARN_OBJC_LITERAL_CONVERSION = YES;
				CLANG_WARN_OBJC_ROOT_CLASS = YES_ERROR;
				CLANG_WARN_QUOTED_INCLUDE_IN_FRAMEWORK_HEADER = YES;
				CLANG_WARN_RANGE_LOOP_ANALYSIS = YES;
				CLANG_WARN_STRICT_PROTOTYPES = YES;
				CLANG_WARN_SUSPICIOUS_MOVE = YES;
				CLANG_WARN_UNGUARDED_AVAILABILITY = YES_AGGRESSIVE;
				CLANG_WARN_UNREACHABLE_CODE = YES;
				CLANG_WARN__DUPLICATE_METHOD_MATCH = YES;
				COPY_PHASE_STRIP = NO;
				DEBUG_INFORMATION_FORMAT = dwarf;
				ENABLE_STRICT_OBJC_MSGSEND = YES;
				ENABLE_TESTABILITY = YES;
				GCC_C_LANGUAGE_STANDARD = gnu11;
				GCC_DYNAMIC_NO_PIC = NO;
				GCC_NO_COMMON_BLOCKS = YES;
				GCC_OPTIMIZATION_LEVEL = 0;
				GCC_PREPROCESSOR_DEFINITIONS = (
					"DEBUG=1",
					"$(inherited)",
				);
				GCC_WARN_64_TO_32_BIT_CONVERSION = YES;
				GCC_WARN_ABOUT_RETURN_TYPE = YES_ERROR;
				GCC_WARN_UNDECLARED_SELECTOR = YES;
				GCC_WARN_UNINITIALIZED_AUTOS = YES_AGGRESSIVE;
				GCC_WARN_UNUSED_FUNCTION = YES;
				GCC_WARN_UNUSED_VARIABLE = YES;
				IPHONEOS_DEPLOYMENT_TARGET = 16.2;
				MTL_ENABLE_DEBUG_INFO = INCLUDE_SOURCE;
				MTL_FAST_MATH = YES;
				ONLY_ACTIVE_ARCH = YES;
				SDKROOT = iphoneos;
				SWIFT_ACTIVE_COMPILATION_CONDITIONS = DEBUG;
				SWIFT_OPTIMIZATION_LEVEL = "-Onone";
			};
			name = Debug;
		};
		EDEAA00029937EBA006DDB98 /* Release */ = {
			isa = XCBuildConfiguration;
			buildSettings = {
				ALWAYS_SEARCH_USER_PATHS = NO;
				CLANG_ANALYZER_NONNULL = YES;
				CLANG_ANALYZER_NUMBER_OBJECT_CONVERSION = YES_AGGRESSIVE;
				CLANG_CXX_LANGUAGE_STANDARD = "gnu++20";
				CLANG_ENABLE_MODULES = YES;
				CLANG_ENABLE_OBJC_ARC = YES;
				CLANG_ENABLE_OBJC_WEAK = YES;
				CLANG_WARN_BLOCK_CAPTURE_AUTORELEASING = YES;
				CLANG_WARN_BOOL_CONVERSION = YES;
				CLANG_WARN_COMMA = YES;
				CLANG_WARN_CONSTANT_CONVERSION = YES;
				CLANG_WARN_DEPRECATED_OBJC_IMPLEMENTATIONS = YES;
				CLANG_WARN_DIRECT_OBJC_ISA_USAGE = YES_ERROR;
				CLANG_WARN_DOCUMENTATION_COMMENTS = YES;
				CLANG_WARN_EMPTY_BODY = YES;
				CLANG_WARN_ENUM_CONVERSION = YES;
				CLANG_WARN_INFINITE_RECURSION = YES;
				CLANG_WARN_INT_CONVERSION = YES;
				CLANG_WARN_NON_LITERAL_NULL_CONVERSION = YES;
				CLANG_WARN_OBJC_IMPLICIT_RETAIN_SELF = YES;
				CLANG_WARN_OBJC_LITERAL_CONVERSION = YES;
				CLANG_WARN_OBJC_ROOT_CLASS = YES_ERROR;
				CLANG_WARN_QUOTED_INCLUDE_IN_FRAMEWORK_HEADER = YES;
				CLANG_WARN_RANGE_LOOP_ANALYSIS = YES;
				CLANG_WARN_STRICT_PROTOTYPES = YES;
				CLANG_WARN_SUSPICIOUS_MOVE = YES;
				CLANG_WARN_UNGUARDED_AVAILABILITY = YES_AGGRESSIVE;
				CLANG_WARN_UNREACHABLE_CODE = YES;
				CLANG_WARN__DUPLICATE_METHOD_MATCH = YES;
				COPY_PHASE_STRIP = NO;
				DEBUG_INFORMATION_FORMAT = "dwarf-with-dsym";
				ENABLE_NS_ASSERTIONS = NO;
				ENABLE_STRICT_OBJC_MSGSEND = YES;
				GCC_C_LANGUAGE_STANDARD = gnu11;
				GCC_NO_COMMON_BLOCKS = YES;
				GCC_WARN_64_TO_32_BIT_CONVERSION = YES;
				GCC_WARN_ABOUT_RETURN_TYPE = YES_ERROR;
				GCC_WARN_UNDECLARED_SELECTOR = YES;
				GCC_WARN_UNINITIALIZED_AUTOS = YES_AGGRESSIVE;
				GCC_WARN_UNUSED_FUNCTION = YES;
				GCC_WARN_UNUSED_VARIABLE = YES;
				IPHONEOS_DEPLOYMENT_TARGET = 16.2;
				MTL_ENABLE_DEBUG_INFO = NO;
				MTL_FAST_MATH = YES;
				SDKROOT = iphoneos;
				SWIFT_COMPILATION_MODE = wholemodule;
				SWIFT_OPTIMIZATION_LEVEL = "-O";
				VALIDATE_PRODUCT = YES;
			};
			name = Release;
		};
		EDEAA00229937EBA006DDB98 /* Debug */ = {
			isa = XCBuildConfiguration;
			buildSettings = {
				ASSETCATALOG_COMPILER_APPICON_NAME = AppIcon;
				ASSETCATALOG_COMPILER_GLOBAL_ACCENT_COLOR_NAME = AccentColor;
				CODE_SIGN_STYLE = Automatic;
				CURRENT_PROJECT_VERSION = 1;
				DEVELOPMENT_TEAM = 7LVP8USRP3;
				GENERATE_INFOPLIST_FILE = YES;
				INFOPLIST_FILE = HomeworkFileManager/Info.plist;
				INFOPLIST_KEY_UIApplicationSupportsIndirectInputEvents = YES;
				INFOPLIST_KEY_UILaunchStoryboardName = LaunchScreen;
				INFOPLIST_KEY_UIMainStoryboardFile = Main;
				INFOPLIST_KEY_UISupportedInterfaceOrientations_iPad = "UIInterfaceOrientationPortrait UIInterfaceOrientationPortraitUpsideDown UIInterfaceOrientationLandscapeLeft UIInterfaceOrientationLandscapeRight";
				INFOPLIST_KEY_UISupportedInterfaceOrientations_iPhone = "UIInterfaceOrientationPortrait UIInterfaceOrientationLandscapeLeft UIInterfaceOrientationLandscapeRight";
				LD_RUNPATH_SEARCH_PATHS = (
					"$(inherited)",
					"@executable_path/Frameworks",
				);
				MARKETING_VERSION = 1.0;
				PRODUCT_BUNDLE_IDENTIFIER = mk.HomeworkFileManager;
				PRODUCT_NAME = "$(TARGET_NAME)";
				SWIFT_EMIT_LOC_STRINGS = YES;
				SWIFT_VERSION = 5.0;
				TARGETED_DEVICE_FAMILY = "1,2";
			};
			name = Debug;
		};
		EDEAA00329937EBA006DDB98 /* Release */ = {
			isa = XCBuildConfiguration;
			buildSettings = {
				ASSETCATALOG_COMPILER_APPICON_NAME = AppIcon;
				ASSETCATALOG_COMPILER_GLOBAL_ACCENT_COLOR_NAME = AccentColor;
				CODE_SIGN_STYLE = Automatic;
				CURRENT_PROJECT_VERSION = 1;
				DEVELOPMENT_TEAM = 7LVP8USRP3;
				GENERATE_INFOPLIST_FILE = YES;
				INFOPLIST_FILE = HomeworkFileManager/Info.plist;
				INFOPLIST_KEY_UIApplicationSupportsIndirectInputEvents = YES;
				INFOPLIST_KEY_UILaunchStoryboardName = LaunchScreen;
				INFOPLIST_KEY_UIMainStoryboardFile = Main;
				INFOPLIST_KEY_UISupportedInterfaceOrientations_iPad = "UIInterfaceOrientationPortrait UIInterfaceOrientationPortraitUpsideDown UIInterfaceOrientationLandscapeLeft UIInterfaceOrientationLandscapeRight";
				INFOPLIST_KEY_UISupportedInterfaceOrientations_iPhone = "UIInterfaceOrientationPortrait UIInterfaceOrientationLandscapeLeft UIInterfaceOrientationLandscapeRight";
				LD_RUNPATH_SEARCH_PATHS = (
					"$(inherited)",
					"@executable_path/Frameworks",
				);
				MARKETING_VERSION = 1.0;
				PRODUCT_BUNDLE_IDENTIFIER = mk.HomeworkFileManager;
				PRODUCT_NAME = "$(TARGET_NAME)";
				SWIFT_EMIT_LOC_STRINGS = YES;
				SWIFT_VERSION = 5.0;
				TARGETED_DEVICE_FAMILY = "1,2";
			};
			name = Release;
		};
/* End XCBuildConfiguration section */

/* Begin XCConfigurationList section */
		EDEA9FE829937EB8006DDB98 /* Build configuration list for PBXProject "HomeworkFileManager" */ = {
			isa = XCConfigurationList;
			buildConfigurations = (
				EDEA9FFF29937EBA006DDB98 /* Debug */,
				EDEAA00029937EBA006DDB98 /* Release */,
			);
			defaultConfigurationIsVisible = 0;
			defaultConfigurationName = Release;
		};
		EDEAA00129937EBA006DDB98 /* Build configuration list for PBXNativeTarget "HomeworkFileManager" */ = {
			isa = XCConfigurationList;
			buildConfigurations = (
				EDEAA00229937EBA006DDB98 /* Debug */,
				EDEAA00329937EBA006DDB98 /* Release */,
			);
			defaultConfigurationIsVisible = 0;
			defaultConfigurationName = Release;
		};
/* End XCConfigurationList section */

/* Begin XCRemoteSwiftPackageReference section */
		EDEAA00A29940424006DDB98 /* XCRemoteSwiftPackageReference "SnapKit" */ = {
			isa = XCRemoteSwiftPackageReference;
			repositoryURL = "https://github.com/SnapKit/SnapKit.git";
			requirement = {
				kind = upToNextMajorVersion;
				minimumVersion = 5.0.0;
			};
		};
/* End XCRemoteSwiftPackageReference section */

/* Begin XCSwiftPackageProductDependency section */
		EDEAA00B29940425006DDB98 /* SnapKit */ = {
			isa = XCSwiftPackageProductDependency;
			package = EDEAA00A29940424006DDB98 /* XCRemoteSwiftPackageReference "SnapKit" */;
			productName = SnapKit;
		};
/* End XCSwiftPackageProductDependency section */
	};
	rootObject = EDEA9FE529937EB8006DDB98 /* Project object */;
}
